
Microsoft Visual Studio Solution File, Format Version 12.00
# Visual Studio Version 17
VisualStudioVersion = 17.0.31912.275
MinimumVisualStudioVersion = 10.0.40219.1
Project("{FAE04EC0-301F-11D3-BF4B-00C04F79EFBC}") = "CabBookingWeb", "CabBookingWeb.csproj", "{DDF48C7C-3A29-440F-9C48-F5FAE852D436}"
EndProject
Global
	GlobalSection(SolutionConfigurationPlatforms) = preSolution
		Debug|Any CPU = Debug|Any CPU
		Release|Any CPU = Release|Any CPU
	EndGlobalSection
	GlobalSection(ProjectConfigurationPlatforms) = postSolution
		{DDF48C7C-3A29-440F-9C48-F5FAE852D436}.Debug|Any CPU.ActiveCfg = Debug|Any CPU
		{DDF48C7C-3A29-440F-9C48-F5FAE852D436}.Debug|Any CPU.Build.0 = Debug|Any CPU
		{DDF48C7C-3A29-440F-9C48-F5FAE852D436}.Release|Any CPU.ActiveCfg = Release|Any CPU
		{DDF48C7C-3A29-440F-9C48-F5FAE852D436}.Release|Any CPU.Build.0 = Release|Any CPU
	EndGlobalSection
	GlobalSection(SolutionProperties) = preSolution
		HideSolutionNode = FALSE
	EndGlobalSection
	GlobalSection(ExtensibilityGlobals) = postSolution
		SolutionGuid = {7DC4063E-BFA8-40C6-A2C4-82D5ACC627F2}
	EndGlobalSection
EndGlobal
