
Microsoft Visual Studio Solution File, Format Version 12.00
# Visual Studio Version 16
VisualStudioVersion = 16.0.31729.503
MinimumVisualStudioVersion = 10.0.40219.1
Project("{FAE04EC0-301F-11D3-BF4B-00C04F79EFBC}") = "CabBookingRide", "CabBookingRide.csproj", "{3975796F-3E5A-4534-9F42-20F03B9AD692}"
EndProject
Global
	GlobalSection(SolutionConfigurationPlatforms) = preSolution
		Debug|Any CPU = Debug|Any CPU
		Release|Any CPU = Release|Any CPU
	EndGlobalSection
	GlobalSection(ProjectConfigurationPlatforms) = postSolution
		{3975796F-3E5A-4534-9F42-20F03B9AD692}.Debug|Any CPU.ActiveCfg = Debug|Any CPU
		{3975796F-3E5A-4534-9F42-20F03B9AD692}.Debug|Any CPU.Build.0 = Debug|Any CPU
		{3975796F-3E5A-4534-9F42-20F03B9AD692}.Release|Any CPU.ActiveCfg = Release|Any CPU
		{3975796F-3E5A-4534-9F42-20F03B9AD692}.Release|Any CPU.Build.0 = Release|Any CPU
	EndGlobalSection
	GlobalSection(SolutionProperties) = preSolution
		HideSolutionNode = FALSE
	EndGlobalSection
	GlobalSection(ExtensibilityGlobals) = postSolution
		SolutionGuid = {06BA6722-EBFC-42E9-80F0-E1E6BE976F37}
	EndGlobalSection
EndGlobal
